// !$*UTF8*$!
{
	archiveVersion = 1;
	classes = {
	};
	objectVersion = 46;
	objects = {

/* Begin PBXBuildFile section */
		178DC6BC18E5E7E800E3B3D2 /* Cocoa.framework in Frameworks */ = {isa = PBXBuildFile; fileRef = 178DC6BB18E5E7E800E3B3D2 /* Cocoa.framework */; };
		178DC6C618E5E7E800E3B3D2 /* InfoPlist.strings in Resources */ = {isa = PBXBuildFile; fileRef = 178DC6C418E5E7E800E3B3D2 /* InfoPlist.strings */; };
		178DC6C818E5E7E800E3B3D2 /* main.m in Sources */ = {isa = PBXBuildFile; fileRef = 178DC6C718E5E7E800E3B3D2 /* main.m */; };
		178DC6CC18E5E7E800E3B3D2 /* Credits.rtf in Resources */ = {isa = PBXBuildFile; fileRef = 178DC6CA18E5E7E800E3B3D2 /* Credits.rtf */; };
		178DC6CF18E5E7E800E3B3D2 /* OUAppDelegate.m in Sources */ = {isa = PBXBuildFile; fileRef = 178DC6CE18E5E7E800E3B3D2 /* OUAppDelegate.m */; };
		178DC6D218E5E7E800E3B3D2 /* MainMenu.xib in Resources */ = {isa = PBXBuildFile; fileRef = 178DC6D018E5E7E800E3B3D2 /* MainMenu.xib */; };
		178DC6D418E5E7E800E3B3D2 /* Images.xcassets in Resources */ = {isa = PBXBuildFile; fileRef = 178DC6D318E5E7E800E3B3D2 /* Images.xcassets */; };
		178DC6DB18E5E7E800E3B3D2 /* XCTest.framework in Frameworks */ = {isa = PBXBuildFile; fileRef = 178DC6DA18E5E7E800E3B3D2 /* XCTest.framework */; };
		178DC6DC18E5E7E800E3B3D2 /* Cocoa.framework in Frameworks */ = {isa = PBXBuildFile; fileRef = 178DC6BB18E5E7E800E3B3D2 /* Cocoa.framework */; };
		178DC6E418E5E7E800E3B3D2 /* InfoPlist.strings in Resources */ = {isa = PBXBuildFile; fileRef = 178DC6E218E5E7E800E3B3D2 /* InfoPlist.strings */; };
		178DC6E618E5E7E800E3B3D2 /* Local_Storage_ExampleTests.m in Sources */ = {isa = PBXBuildFile; fileRef = 178DC6E518E5E7E800E3B3D2 /* Local_Storage_ExampleTests.m */; };
		178DC6F018E5E7F300E3B3D2 /* WebKit.framework in Frameworks */ = {isa = PBXBuildFile; fileRef = 178DC6EF18E5E7F300E3B3D2 /* WebKit.framework */; };
		178DC6F218E5E99000E3B3D2 /* html in Resources */ = {isa = PBXBuildFile; fileRef = 178DC6F118E5E99000E3B3D2 /* html */; };
/* End PBXBuildFile section */

/* Begin PBXContainerItemProxy section */
		178DC6DD18E5E7E800E3B3D2 /* PBXContainerItemProxy */ = {
			isa = PBXContainerItemProxy;
			containerPortal = 178DC6B018E5E7E800E3B3D2 /* Project object */;
			proxyType = 1;
			remoteGlobalIDString = 178DC6B718E5E7E800E3B3D2;
			remoteInfo = "Local Storage Example";
		};
/* End PBXContainerItemProxy section */

/* Begin PBXFileReference section */
		178DC6B818E5E7E800E3B3D2 /* Local Storage Example.app */ = {isa = PBXFileReference; explicitFileType = wrapper.application; includeInIndex = 0; path = "Local Storage Example.app"; sourceTree = BUILT_PRODUCTS_DIR; };
		178DC6BB18E5E7E800E3B3D2 /* Cocoa.framework */ = {isa = PBXFileReference; lastKnownFileType = wrapper.framework; name = Cocoa.framework; path = System/Library/Frameworks/Cocoa.framework; sourceTree = SDKROOT; };
		178DC6BE18E5E7E800E3B3D2 /* AppKit.framework */ = {isa = PBXFileReference; lastKnownFileType = wrapper.framework; name = AppKit.framework; path = System/Library/Frameworks/AppKit.framework; sourceTree = SDKROOT; };
		178DC6BF18E5E7E800E3B3D2 /* CoreData.framework */ = {isa = PBXFileReference; lastKnownFileType = wrapper.framework; name = CoreData.framework; path = System/Library/Frameworks/CoreData.framework; sourceTree = SDKROOT; };
		178DC6C018E5E7E800E3B3D2 /* Foundation.framework */ = {isa = PBXFileReference; lastKnownFileType = wrapper.framework; name = Foundation.framework; path = System/Library/Frameworks/Foundation.framework; sourceTree = SDKROOT; };
		178DC6C318E5E7E800E3B3D2 /* Local Storage Example-Info.plist */ = {isa = PBXFileReference; lastKnownFileType = text.plist.xml; path = "Local Storage Example-Info.plist"; sourceTree = "<group>"; };
		178DC6C518E5E7E800E3B3D2 /* en */ = {isa = PBXFileReference; lastKnownFileType = text.plist.strings; name = en; path = en.lproj/InfoPlist.strings; sourceTree = "<group>"; };
		178DC6C718E5E7E800E3B3D2 /* main.m */ = {isa = PBXFileReference; lastKnownFileType = sourcecode.c.objc; path = main.m; sourceTree = "<group>"; };
		178DC6C918E5E7E800E3B3D2 /* Local Storage Example-Prefix.pch */ = {isa = PBXFileReference; lastKnownFileType = sourcecode.c.h; path = "Local Storage Example-Prefix.pch"; sourceTree = "<group>"; };
		178DC6CB18E5E7E800E3B3D2 /* en */ = {isa = PBXFileReference; lastKnownFileType = text.rtf; name = en; path = en.lproj/Credits.rtf; sourceTree = "<group>"; };
		178DC6CD18E5E7E800E3B3D2 /* OUAppDelegate.h */ = {isa = PBXFileReference; lastKnownFileType = sourcecode.c.h; path = OUAppDelegate.h; sourceTree = "<group>"; };
		178DC6CE18E5E7E800E3B3D2 /* OUAppDelegate.m */ = {isa = PBXFileReference; lastKnownFileType = sourcecode.c.objc; path = OUAppDelegate.m; sourceTree = "<group>"; };
		178DC6D118E5E7E800E3B3D2 /* Base */ = {isa = PBXFileReference; lastKnownFileType = file.xib; name = Base; path = Base.lproj/MainMenu.xib; sourceTree = "<group>"; };
		178DC6D318E5E7E800E3B3D2 /* Images.xcassets */ = {isa = PBXFileReference; lastKnownFileType = folder.assetcatalog; path = Images.xcassets; sourceTree = "<group>"; };
		178DC6D918E5E7E800E3B3D2 /* Local Storage ExampleTests.xctest */ = {isa = PBXFileReference; explicitFileType = wrapper.cfbundle; includeInIndex = 0; path = "Local Storage ExampleTests.xctest"; sourceTree = BUILT_PRODUCTS_DIR; };
		178DC6DA18E5E7E800E3B3D2 /* XCTest.framework */ = {isa = PBXFileReference; lastKnownFileType = wrapper.framework; name = XCTest.framework; path = Library/Frameworks/XCTest.framework; sourceTree = DEVELOPER_DIR; };
		178DC6E118E5E7E800E3B3D2 /* Local Storage ExampleTests-Info.plist */ = {isa = PBXFileReference; lastKnownFileType = text.plist.xml; path = "Local Storage ExampleTests-Info.plist"; sourceTree = "<group>"; };
		178DC6E318E5E7E800E3B3D2 /* en */ = {isa = PBXFileReference; lastKnownFileType = text.plist.strings; name = en; path = en.lproj/InfoPlist.strings; sourceTree = "<group>"; };
		178DC6E518E5E7E800E3B3D2 /* Local_Storage_ExampleTests.m */ = {isa = PBXFileReference; lastKnownFileType = sourcecode.c.objc; path = Local_Storage_ExampleTests.m; sourceTree = "<group>"; };
		178DC6EF18E5E7F300E3B3D2 /* WebKit.framework */ = {isa = PBXFileReference; lastKnownFileType = wrapper.framework; name = WebKit.framework; path = System/Library/Frameworks/WebKit.framework; sourceTree = SDKROOT; };
		178DC6F118E5E99000E3B3D2 /* html */ = {isa = PBXFileReference; lastKnownFileType = folder; path = html; sourceTree = "<group>"; };
		178DC6F318E5EA8900E3B3D2 /* Local Storage Example.entitlements */ = {isa = PBXFileReference; lastKnownFileType = text.xml; path = "Local Storage Example.entitlements"; sourceTree = "<group>"; };
/* End PBXFileReference section */

/* Begin PBXFrameworksBuildPhase section */
		178DC6B518E5E7E800E3B3D2 /* Frameworks */ = {
			isa = PBXFrameworksBuildPhase;
			buildActionMask = 2147483647;
			files = (
				178DC6F018E5E7F300E3B3D2 /* WebKit.framework in Frameworks */,
				178DC6BC18E5E7E800E3B3D2 /* Cocoa.framework in Frameworks */,
			);
			runOnlyForDeploymentPostprocessing = 0;
		};
		178DC6D618E5E7E800E3B3D2 /* Frameworks */ = {
			isa = PBXFrameworksBuildPhase;
			buildActionMask = 2147483647;
			files = (
				178DC6DC18E5E7E800E3B3D2 /* Cocoa.framework in Frameworks */,
				178DC6DB18E5E7E800E3B3D2 /* XCTest.framework in Frameworks */,
			);
			runOnlyForDeploymentPostprocessing = 0;
		};
/* End PBXFrameworksBuildPhase section */

/* Begin PBXGroup section */
		178DC6AF18E5E7E800E3B3D2 = {
			isa = PBXGroup;
			children = (
				178DC6F118E5E99000E3B3D2 /* html */,
				178DC6C118E5E7E800E3B3D2 /* Local Storage Example */,
				178DC6DF18E5E7E800E3B3D2 /* Local Storage ExampleTests */,
				178DC6BA18E5E7E800E3B3D2 /* Frameworks */,
				178DC6B918E5E7E800E3B3D2 /* Products */,
			);
			sourceTree = "<group>";
		};
		178DC6B918E5E7E800E3B3D2 /* Products */ = {
			isa = PBXGroup;
			children = (
				178DC6B818E5E7E800E3B3D2 /* Local Storage Example.app */,
				178DC6D918E5E7E800E3B3D2 /* Local Storage ExampleTests.xctest */,
			);
			name = Products;
			sourceTree = "<group>";
		};
		178DC6BA18E5E7E800E3B3D2 /* Frameworks */ = {
			isa = PBXGroup;
			children = (
				178DC6EF18E5E7F300E3B3D2 /* WebKit.framework */,
				178DC6BB18E5E7E800E3B3D2 /* Cocoa.framework */,
				178DC6DA18E5E7E800E3B3D2 /* XCTest.framework */,
				178DC6BD18E5E7E800E3B3D2 /* Other Frameworks */,
			);
			name = Frameworks;
			sourceTree = "<group>";
		};
		178DC6BD18E5E7E800E3B3D2 /* Other Frameworks */ = {
			isa = PBXGroup;
			children = (
				178DC6BE18E5E7E800E3B3D2 /* AppKit.framework */,
				178DC6BF18E5E7E800E3B3D2 /* CoreData.framework */,
				178DC6C018E5E7E800E3B3D2 /* Foundation.framework */,
			);
			name = "Other Frameworks";
			sourceTree = "<group>";
		};
		178DC6C118E5E7E800E3B3D2 /* Local Storage Example */ = {
			isa = PBXGroup;
			children = (
				178DC6F318E5EA8900E3B3D2 /* Local Storage Example.entitlements */,
				178DC6CD18E5E7E800E3B3D2 /* OUAppDelegate.h */,
				178DC6CE18E5E7E800E3B3D2 /* OUAppDelegate.m */,
				178DC6D018E5E7E800E3B3D2 /* MainMenu.xib */,
				178DC6D318E5E7E800E3B3D2 /* Images.xcassets */,
				178DC6C218E5E7E800E3B3D2 /* Supporting Files */,
			);
			path = "Local Storage Example";
			sourceTree = "<group>";
		};
		178DC6C218E5E7E800E3B3D2 /* Supporting Files */ = {
			isa = PBXGroup;
			children = (
				178DC6C318E5E7E800E3B3D2 /* Local Storage Example-Info.plist */,
				178DC6C418E5E7E800E3B3D2 /* InfoPlist.strings */,
				178DC6C718E5E7E800E3B3D2 /* main.m */,
				178DC6C918E5E7E800E3B3D2 /* Local Storage Example-Prefix.pch */,
				178DC6CA18E5E7E800E3B3D2 /* Credits.rtf */,
			);
			name = "Supporting Files";
			sourceTree = "<group>";
		};
		178DC6DF18E5E7E800E3B3D2 /* Local Storage ExampleTests */ = {
			isa = PBXGroup;
			children = (
				178DC6E518E5E7E800E3B3D2 /* Local_Storage_ExampleTests.m */,
				178DC6E018E5E7E800E3B3D2 /* Supporting Files */,
			);
			path = "Local Storage ExampleTests";
			sourceTree = "<group>";
		};
		178DC6E018E5E7E800E3B3D2 /* Supporting Files */ = {
			isa = PBXGroup;
			children = (
				178DC6E118E5E7E800E3B3D2 /* Local Storage ExampleTests-Info.plist */,
				178DC6E218E5E7E800E3B3D2 /* InfoPlist.strings */,
			);
			name = "Supporting Files";
			sourceTree = "<group>";
		};
/* End PBXGroup section */

/* Begin PBXNativeTarget section */
		178DC6B718E5E7E800E3B3D2 /* Local Storage Example */ = {
			isa = PBXNativeTarget;
			buildConfigurationList = 178DC6E918E5E7E800E3B3D2 /* Build configuration list for PBXNativeTarget "Local Storage Example" */;
			buildPhases = (
				178DC6B418E5E7E800E3B3D2 /* Sources */,
				178DC6B518E5E7E800E3B3D2 /* Frameworks */,
				178DC6B618E5E7E800E3B3D2 /* Resources */,
			);
			buildRules = (
			);
			dependencies = (
			);
			name = "Local Storage Example";
			productName = "Local Storage Example";
			productReference = 178DC6B818E5E7E800E3B3D2 /* Local Storage Example.app */;
			productType = "com.apple.product-type.application";
		};
		178DC6D818E5E7E800E3B3D2 /* Local Storage ExampleTests */ = {
			isa = PBXNativeTarget;
			buildConfigurationList = 178DC6EC18E5E7E800E3B3D2 /* Build configuration list for PBXNativeTarget "Local Storage ExampleTests" */;
			buildPhases = (
				178DC6D518E5E7E800E3B3D2 /* Sources */,
				178DC6D618E5E7E800E3B3D2 /* Frameworks */,
				178DC6D718E5E7E800E3B3D2 /* Resources */,
			);
			buildRules = (
			);
			dependencies = (
				178DC6DE18E5E7E800E3B3D2 /* PBXTargetDependency */,
			);
			name = "Local Storage ExampleTests";
			productName = "Local Storage ExampleTests";
			productReference = 178DC6D918E5E7E800E3B3D2 /* Local Storage ExampleTests.xctest */;
			productType = "com.apple.product-type.bundle.unit-test";
		};
/* End PBXNativeTarget section */

/* Begin PBXProject section */
		178DC6B018E5E7E800E3B3D2 /* Project object */ = {
			isa = PBXProject;
			attributes = {
				CLASSPREFIX = OU;
				LastUpgradeCheck = 0510;
				ORGANIZATIONNAME = "Ömer ÜCEL";
				TargetAttributes = {
					178DC6B718E5E7E800E3B3D2 = {
						SystemCapabilities = {
							com.apple.Sandbox = {
								enabled = 1;
							};
						};
					};
					178DC6D818E5E7E800E3B3D2 = {
						TestTargetID = 178DC6B718E5E7E800E3B3D2;
					};
				};
			};
			buildConfigurationList = 178DC6B318E5E7E800E3B3D2 /* Build configuration list for PBXProject "Local Storage Example" */;
			compatibilityVersion = "Xcode 3.2";
			developmentRegion = English;
			hasScannedForEncodings = 0;
			knownRegions = (
				en,
				Base,
			);
			mainGroup = 178DC6AF18E5E7E800E3B3D2;
			productRefGroup = 178DC6B918E5E7E800E3B3D2 /* Products */;
			projectDirPath = "";
			projectRoot = "";
			targets = (
				178DC6B718E5E7E800E3B3D2 /* Local Storage Example */,
				178DC6D818E5E7E800E3B3D2 /* Local Storage ExampleTests */,
			);
		};
/* End PBXProject section */

/* Begin PBXResourcesBuildPhase section */
		178DC6B618E5E7E800E3B3D2 /* Resources */ = {
			isa = PBXResourcesBuildPhase;
			buildActionMask = 2147483647;
			files = (
				178DC6C618E5E7E800E3B3D2 /* InfoPlist.strings in Resources */,
				178DC6D418E5E7E800E3B3D2 /* Images.xcassets in Resources */,
				178DC6CC18E5E7E800E3B3D2 /* Credits.rtf in Resources */,
				178DC6D218E5E7E800E3B3D2 /* MainMenu.xib in Resources */,
				178DC6F218E5E99000E3B3D2 /* html in Resources */,
			);
			runOnlyForDeploymentPostprocessing = 0;
		};
		178DC6D718E5E7E800E3B3D2 /* Resources */ = {
			isa = PBXResourcesBuildPhase;
			buildActionMask = 2147483647;
			files = (
				178DC6E418E5E7E800E3B3D2 /* InfoPlist.strings in Resources */,
			);
			runOnlyForDeploymentPostprocessing = 0;
		};
/* End PBXResourcesBuildPhase section */

/* Begin PBXSourcesBuildPhase section */
		178DC6B418E5E7E800E3B3D2 /* Sources */ = {
			isa = PBXSourcesBuildPhase;
			buildActionMask = 2147483647;
			files = (
				178DC6CF18E5E7E800E3B3D2 /* OUAppDelegate.m in Sources */,
				178DC6C818E5E7E800E3B3D2 /* main.m in Sources */,
			);
			runOnlyForDeploymentPostprocessing = 0;
		};
		178DC6D518E5E7E800E3B3D2 /* Sources */ = {
			isa = PBXSourcesBuildPhase;
			buildActionMask = 2147483647;
			files = (
				178DC6E618E5E7E800E3B3D2 /* Local_Storage_ExampleTests.m in Sources */,
			);
			runOnlyForDeploymentPostprocessing = 0;
		};
/* End PBXSourcesBuildPhase section */

/* Begin PBXTargetDependency section */
		178DC6DE18E5E7E800E3B3D2 /* PBXTargetDependency */ = {
			isa = PBXTargetDependency;
			target = 178DC6B718E5E7E800E3B3D2 /* Local Storage Example */;
			targetProxy = 178DC6DD18E5E7E800E3B3D2 /* PBXContainerItemProxy */;
		};
/* End PBXTargetDependency section */

/* Begin PBXVariantGroup section */
		178DC6C418E5E7E800E3B3D2 /* InfoPlist.strings */ = {
			isa = PBXVariantGroup;
			children = (
				178DC6C518E5E7E800E3B3D2 /* en */,
			);
			name = InfoPlist.strings;
			sourceTree = "<group>";
		};
		178DC6CA18E5E7E800E3B3D2 /* Credits.rtf */ = {
			isa = PBXVariantGroup;
			children = (
				178DC6CB18E5E7E800E3B3D2 /* en */,
			);
			name = Credits.rtf;
			sourceTree = "<group>";
		};
		178DC6D018E5E7E800E3B3D2 /* MainMenu.xib */ = {
			isa = PBXVariantGroup;
			children = (
				178DC6D118E5E7E800E3B3D2 /* Base */,
			);
			name = MainMenu.xib;
			sourceTree = "<group>";
		};
		178DC6E218E5E7E800E3B3D2 /* InfoPlist.strings */ = {
			isa = PBXVariantGroup;
			children = (
				178DC6E318E5E7E800E3B3D2 /* en */,
			);
			name = InfoPlist.strings;
			sourceTree = "<group>";
		};
/* End PBXVariantGroup section */

/* Begin XCBuildConfiguration section */
		178DC6E718E5E7E800E3B3D2 /* Debug */ = {
			isa = XCBuildConfiguration;
			buildSettings = {
				ALWAYS_SEARCH_USER_PATHS = NO;
				CLANG_CXX_LANGUAGE_STANDARD = "gnu++0x";
				CLANG_CXX_LIBRARY = "libc++";
				CLANG_ENABLE_MODULES = YES;
				CLANG_ENABLE_OBJC_ARC = YES;
				CLANG_WARN_BOOL_CONVERSION = YES;
				CLANG_WARN_CONSTANT_CONVERSION = YES;
				CLANG_WARN_DIRECT_OBJC_ISA_USAGE = YES_ERROR;
				CLANG_WARN_EMPTY_BODY = YES;
				CLANG_WARN_ENUM_CONVERSION = YES;
				CLANG_WARN_INT_CONVERSION = YES;
				CLANG_WARN_OBJC_ROOT_CLASS = YES_ERROR;
				CLANG_WARN__DUPLICATE_METHOD_MATCH = YES;
				COPY_PHASE_STRIP = NO;
				GCC_C_LANGUAGE_STANDARD = gnu99;
				GCC_DYNAMIC_NO_PIC = NO;
				GCC_ENABLE_OBJC_EXCEPTIONS = YES;
				GCC_OPTIMIZATION_LEVEL = 0;
				GCC_PREPROCESSOR_DEFINITIONS = (
					"DEBUG=1",
					"$(inherited)",
				);
				GCC_SYMBOLS_PRIVATE_EXTERN = NO;
				GCC_WARN_64_TO_32_BIT_CONVERSION = YES;
				GCC_WARN_ABOUT_RETURN_TYPE = YES_ERROR;
				GCC_WARN_UNDECLARED_SELECTOR = YES;
				GCC_WARN_UNINITIALIZED_AUTOS = YES_AGGRESSIVE;
				GCC_WARN_UNUSED_FUNCTION = YES;
				GCC_WARN_UNUSED_VARIABLE = YES;
				MACOSX_DEPLOYMENT_TARGET = 10.9;
				ONLY_ACTIVE_ARCH = YES;
				SDKROOT = macosx;
			};
			name = Debug;
		};
		178DC6E818E5E7E800E3B3D2 /* Release */ = {
			isa = XCBuildConfiguration;
			buildSettings = {
				ALWAYS_SEARCH_USER_PATHS = NO;
				CLANG_CXX_LANGUAGE_STANDARD = "gnu++0x";
				CLANG_CXX_LIBRARY = "libc++";
				CLANG_ENABLE_MODULES = YES;
				CLANG_ENABLE_OBJC_ARC = YES;
				CLANG_WARN_BOOL_CONVERSION = YES;
				CLANG_WARN_CONSTANT_CONVERSION = YES;
				CLANG_WARN_DIRECT_OBJC_ISA_USAGE = YES_ERROR;
				CLANG_WARN_EMPTY_BODY = YES;
				CLANG_WARN_ENUM_CONVERSION = YES;
				CLANG_WARN_INT_CONVERSION = YES;
				CLANG_WARN_OBJC_ROOT_CLASS = YES_ERROR;
				CLANG_WARN__DUPLICATE_METHOD_MATCH = YES;
				COPY_PHASE_STRIP = YES;
				DEBUG_INFORMATION_FORMAT = "dwarf-with-dsym";
				ENABLE_NS_ASSERTIONS = NO;
				GCC_C_LANGUAGE_STANDARD = gnu99;
				GCC_ENABLE_OBJC_EXCEPTIONS = YES;
				GCC_WARN_64_TO_32_BIT_CONVERSION = YES;
				GCC_WARN_ABOUT_RETURN_TYPE = YES_ERROR;
				GCC_WARN_UNDECLARED_SELECTOR = YES;
				GCC_WARN_UNINITIALIZED_AUTOS = YES_AGGRESSIVE;
				GCC_WARN_UNUSED_FUNCTION = YES;
				GCC_WARN_UNUSED_VARIABLE = YES;
				MACOSX_DEPLOYMENT_TARGET = 10.9;
				SDKROOT = macosx;
			};
			name = Release;
		};
		178DC6EA18E5E7E800E3B3D2 /* Debug */ = {
			isa = XCBuildConfiguration;
			buildSettings = {
				ASSETCATALOG_COMPILER_APPICON_NAME = AppIcon;
				CODE_SIGN_ENTITLEMENTS = "Local Storage Example/Local Storage Example.entitlements";
				CODE_SIGN_IDENTITY = "-";
				COMBINE_HIDPI_IMAGES = YES;
				GCC_PRECOMPILE_PREFIX_HEADER = YES;
				GCC_PREFIX_HEADER = "Local Storage Example/Local Storage Example-Prefix.pch";
				INFOPLIST_FILE = "Local Storage Example/Local Storage Example-Info.plist";
				PRODUCT_NAME = "$(TARGET_NAME)";
				WRAPPER_EXTENSION = app;
			};
			name = Debug;
		};
		178DC6EB18E5E7E800E3B3D2 /* Release */ = {
			isa = XCBuildConfiguration;
			buildSettings = {
				ASSETCATALOG_COMPILER_APPICON_NAME = AppIcon;
				CODE_SIGN_ENTITLEMENTS = "Local Storage Example/Local Storage Example.entitlements";
				CODE_SIGN_IDENTITY = "-";
				COMBINE_HIDPI_IMAGES = YES;
				GCC_PRECOMPILE_PREFIX_HEADER = YES;
				GCC_PREFIX_HEADER = "Local Storage Example/Local Storage Example-Prefix.pch";
				INFOPLIST_FILE = "Local Storage Example/Local Storage Example-Info.plist";
				PRODUCT_NAME = "$(TARGET_NAME)";
				WRAPPER_EXTENSION = app;
			};
			name = Release;
		};
		178DC6ED18E5E7E800E3B3D2 /* Debug */ = {
			isa = XCBuildConfiguration;
			buildSettings = {
				BUNDLE_LOADER = "$(BUILT_PRODUCTS_DIR)/Local Storage Example.app/Contents/MacOS/Local Storage Example";
				COMBINE_HIDPI_IMAGES = YES;
				FRAMEWORK_SEARCH_PATHS = (
					"$(DEVELOPER_FRAMEWORKS_DIR)",
					"$(inherited)",
				);
				GCC_PRECOMPILE_PREFIX_HEADER = YES;
				GCC_PREFIX_HEADER = "Local Storage Example/Local Storage Example-Prefix.pch";
				GCC_PREPROCESSOR_DEFINITIONS = (
					"DEBUG=1",
					"$(inherited)",
				);
				INFOPLIST_FILE = "Local Storage ExampleTests/Local Storage ExampleTests-Info.plist";
				PRODUCT_NAME = "$(TARGET_NAME)";
				TEST_HOST = "$(BUNDLE_LOADER)";
				WRAPPER_EXTENSION = xctest;
			};
			name = Debug;
		};
		178DC6EE18E5E7E800E3B3D2 /* Release */ = {
			isa = XCBuildConfiguration;
			buildSettings = {
				BUNDLE_LOADER = "$(BUILT_PRODUCTS_DIR)/Local Storage Example.app/Contents/MacOS/Local Storage Example";
				COMBINE_HIDPI_IMAGES = YES;
				FRAMEWORK_SEARCH_PATHS = (
					"$(DEVELOPER_FRAMEWORKS_DIR)",
					"$(inherited)",
				);
				GCC_PRECOMPILE_PREFIX_HEADER = YES;
				GCC_PREFIX_HEADER = "Local Storage Example/Local Storage Example-Prefix.pch";
				INFOPLIST_FILE = "Local Storage ExampleTests/Local Storage ExampleTests-Info.plist";
				PRODUCT_NAME = "$(TARGET_NAME)";
				TEST_HOST = "$(BUNDLE_LOADER)";
				WRAPPER_EXTENSION = xctest;
			};
			name = Release;
		};
/* End XCBuildConfiguration section */

/* Begin XCConfigurationList section */
		178DC6B318E5E7E800E3B3D2 /* Build configuration list for PBXProject "Local Storage Example" */ = {
			isa = XCConfigurationList;
			buildConfigurations = (
				178DC6E718E5E7E800E3B3D2 /* Debug */,
				178DC6E818E5E7E800E3B3D2 /* Release */,
			);
			defaultConfigurationIsVisible = 0;
			defaultConfigurationName = Release;
		};
		178DC6E918E5E7E800E3B3D2 /* Build configuration list for PBXNativeTarget "Local Storage Example" */ = {
			isa = XCConfigurationList;
			buildConfigurations = (
				178DC6EA18E5E7E800E3B3D2 /* Debug */,
				178DC6EB18E5E7E800E3B3D2 /* Release */,
			);
			defaultConfigurationIsVisible = 0;
		};
		178DC6EC18E5E7E800E3B3D2 /* Build configuration list for PBXNativeTarget "Local Storage ExampleTests" */ = {
			isa = XCConfigurationList;
			buildConfigurations = (
				178DC6ED18E5E7E800E3B3D2 /* Debug */,
				178DC6EE18E5E7E800E3B3D2 /* Release */,
			);
			defaultConfigurationIsVisible = 0;
		};
/* End XCConfigurationList section */
	};
	rootObject = 178DC6B018E5E7E800E3B3D2 /* Project object */;
}
